
Microsoft Visual Studio Solution File, Format Version 12.00
# Visual Studio Version 17
VisualStudioVersion = 17.3.32929.385
MinimumVisualStudioVersion = 10.0.40219.1
Project("{9A19103F-16F7-4668-BE54-9A1E7A4F7556}") = "HarmonyIntegration", "HarmonyIntegration.csproj", "{1D84DDF3-1E75-4677-9C68-0F9610FEA36D}"
EndProject
Global
	GlobalSection(SolutionConfigurationPlatforms) = preSolution
		Debug|Any CPU = Debug|Any CPU
		Release|Any CPU = Release|Any CPU
	EndGlobalSection
	GlobalSection(ProjectConfigurationPlatforms) = postSolution
		{1D84DDF3-1E75-4677-9C68-0F9610FEA36D}.Debug|Any CPU.ActiveCfg = Debug|Any CPU
		{1D84DDF3-1E75-4677-9C68-0F9610FEA36D}.Debug|Any CPU.Build.0 = Debug|Any CPU
		{1D84DDF3-1E75-4677-9C68-0F9610FEA36D}.Release|Any CPU.ActiveCfg = Release|Any CPU
		{1D84DDF3-1E75-4677-9C68-0F9610FEA36D}.Release|Any CPU.Build.0 = Release|Any CPU
	EndGlobalSection
	GlobalSection(SolutionProperties) = preSolution
		HideSolutionNode = FALSE
	EndGlobalSection
	GlobalSection(ExtensibilityGlobals) = postSolution
		SolutionGuid = {7EAB1F1A-A406-4069-A4D1-31FD6ECC247C}
	EndGlobalSection
EndGlobal
